
Microsoft Visual Studio Solution File, Format Version 12.00
# Visual Studio 14
VisualStudioVersion = 14.0.25420.1
MinimumVisualStudioVersion = 10.0.40219.1
Project("{2150E333-8FDC-42A3-9474-1A3956D46DE8}") = "Engine", "Engine", "{A1708B76-8BAE-427C-BDD5-7C19461DB2E4}"
EndProject
Project("{2150E333-8FDC-42A3-9474-1A3956D46DE8}") = "Games", "Games", "{8B38B81B-9C70-4435-A0D9-33CDB5BC8801}"
EndProject
Project("{8BC9CEB8-8B4A-11D0-8D11-00A0C91BC942}") = "UE4", "Intermediate\ProjectFiles\UE4.vcxproj", "{813EDD60-EAED-4EB0-9656-405F1253D93E}"
EndProject
Project("{8BC9CEB8-8B4A-11D0-8D11-00A0C91BC942}") = "SubEarth", "Intermediate\ProjectFiles\SubEarth.vcxproj", "{325BB540-38F4-49BF-BD27-D1260C185DEA}"
EndProject
Global
	GlobalSection(SolutionConfigurationPlatforms) = preSolution
		DebugGame Editor|HTML5 = DebugGame Editor|HTML5
		DebugGame Editor|IOS = DebugGame Editor|IOS
		DebugGame Editor|Win32 = DebugGame Editor|Win32
		DebugGame Editor|Win64 = DebugGame Editor|Win64
		DebugGame|HTML5 = DebugGame|HTML5
		DebugGame|IOS = DebugGame|IOS
		DebugGame|Win32 = DebugGame|Win32
		DebugGame|Win64 = DebugGame|Win64
		Development Editor|HTML5 = Development Editor|HTML5
		Development Editor|IOS = Development Editor|IOS
		Development Editor|Win32 = Development Editor|Win32
		Development Editor|Win64 = Development Editor|Win64
		Development|HTML5 = Development|HTML5
		Development|IOS = Development|IOS
		Development|Win32 = Development|Win32
		Development|Win64 = Development|Win64
		Shipping|HTML5 = Shipping|HTML5
		Shipping|IOS = Shipping|IOS
		Shipping|Win32 = Shipping|Win32
		Shipping|Win64 = Shipping|Win64
	EndGlobalSection
	GlobalSection(ProjectConfigurationPlatforms) = postSolution
		{813EDD60-EAED-4EB0-9656-405F1253D93E}.DebugGame Editor|HTML5.ActiveCfg = BuiltWithUnrealBuildTool|Win32
		{813EDD60-EAED-4EB0-9656-405F1253D93E}.DebugGame Editor|HTML5.Build.0 = BuiltWithUnrealBuildTool|Win32
		{813EDD60-EAED-4EB0-9656-405F1253D93E}.DebugGame Editor|IOS.ActiveCfg = BuiltWithUnrealBuildTool|Win32
		{813EDD60-EAED-4EB0-9656-405F1253D93E}.DebugGame Editor|IOS.Build.0 = BuiltWithUnrealBuildTool|Win32
		{813EDD60-EAED-4EB0-9656-405F1253D93E}.DebugGame Editor|Win32.ActiveCfg = BuiltWithUnrealBuildTool|Win32
		{813EDD60-EAED-4EB0-9656-405F1253D93E}.DebugGame Editor|Win32.Build.0 = BuiltWithUnrealBuildTool|Win32
		{813EDD60-EAED-4EB0-9656-405F1253D93E}.DebugGame Editor|Win64.ActiveCfg = BuiltWithUnrealBuildTool|Win32
		{813EDD60-EAED-4EB0-9656-405F1253D93E}.DebugGame Editor|Win64.Build.0 = BuiltWithUnrealBuildTool|Win32
		{813EDD60-EAED-4EB0-9656-405F1253D93E}.DebugGame|HTML5.ActiveCfg = BuiltWithUnrealBuildTool|Win32
		{813EDD60-EAED-4EB0-9656-405F1253D93E}.DebugGame|HTML5.Build.0 = BuiltWithUnrealBuildTool|Win32
		{813EDD60-EAED-4EB0-9656-405F1253D93E}.DebugGame|IOS.ActiveCfg = BuiltWithUnrealBuildTool|Win32
		{813EDD60-EAED-4EB0-9656-405F1253D93E}.DebugGame|IOS.Build.0 = BuiltWithUnrealBuildTool|Win32
		{813EDD60-EAED-4EB0-9656-405F1253D93E}.DebugGame|Win32.ActiveCfg = BuiltWithUnrealBuildTool|Win32
		{813EDD60-EAED-4EB0-9656-405F1253D93E}.DebugGame|Win32.Build.0 = BuiltWithUnrealBuildTool|Win32
		{813EDD60-EAED-4EB0-9656-405F1253D93E}.DebugGame|Win64.ActiveCfg = BuiltWithUnrealBuildTool|Win32
		{813EDD60-EAED-4EB0-9656-405F1253D93E}.DebugGame|Win64.Build.0 = BuiltWithUnrealBuildTool|Win32
		{813EDD60-EAED-4EB0-9656-405F1253D93E}.Development Editor|HTML5.ActiveCfg = BuiltWithUnrealBuildTool|Win32
		{813EDD60-EAED-4EB0-9656-405F1253D93E}.Development Editor|HTML5.Build.0 = BuiltWithUnrealBuildTool|Win32
		{813EDD60-EAED-4EB0-9656-405F1253D93E}.Development Editor|IOS.ActiveCfg = BuiltWithUnrealBuildTool|Win32
		{813EDD60-EAED-4EB0-9656-405F1253D93E}.Development Editor|IOS.Build.0 = BuiltWithUnrealBuildTool|Win32
		{813EDD60-EAED-4EB0-9656-405F1253D93E}.Development Editor|Win32.ActiveCfg = BuiltWithUnrealBuildTool|Win32
		{813EDD60-EAED-4EB0-9656-405F1253D93E}.Development Editor|Win32.Build.0 = BuiltWithUnrealBuildTool|Win32
		{813EDD60-EAED-4EB0-9656-405F1253D93E}.Development Editor|Win64.ActiveCfg = BuiltWithUnrealBuildTool|Win32
		{813EDD60-EAED-4EB0-9656-405F1253D93E}.Development Editor|Win64.Build.0 = BuiltWithUnrealBuildTool|Win32
		{813EDD60-EAED-4EB0-9656-405F1253D93E}.Development|HTML5.ActiveCfg = BuiltWithUnrealBuildTool|Win32
		{813EDD60-EAED-4EB0-9656-405F1253D93E}.Development|HTML5.Build.0 = BuiltWithUnrealBuildTool|Win32
		{813EDD60-EAED-4EB0-9656-405F1253D93E}.Development|IOS.ActiveCfg = BuiltWithUnrealBuildTool|Win32
		{813EDD60-EAED-4EB0-9656-405F1253D93E}.Development|IOS.Build.0 = BuiltWithUnrealBuildTool|Win32
		{813EDD60-EAED-4EB0-9656-405F1253D93E}.Development|Win32.ActiveCfg = BuiltWithUnrealBuildTool|Win32
		{813EDD60-EAED-4EB0-9656-405F1253D93E}.Development|Win32.Build.0 = BuiltWithUnrealBuildTool|Win32
		{813EDD60-EAED-4EB0-9656-405F1253D93E}.Development|Win64.ActiveCfg = BuiltWithUnrealBuildTool|Win32
		{813EDD60-EAED-4EB0-9656-405F1253D93E}.Development|Win64.Build.0 = BuiltWithUnrealBuildTool|Win32
		{813EDD60-EAED-4EB0-9656-405F1253D93E}.Shipping|HTML5.ActiveCfg = BuiltWithUnrealBuildTool|Win32
		{813EDD60-EAED-4EB0-9656-405F1253D93E}.Shipping|HTML5.Build.0 = BuiltWithUnrealBuildTool|Win32
		{813EDD60-EAED-4EB0-9656-405F1253D93E}.Shipping|IOS.ActiveCfg = BuiltWithUnrealBuildTool|Win32
		{813EDD60-EAED-4EB0-9656-405F1253D93E}.Shipping|IOS.Build.0 = BuiltWithUnrealBuildTool|Win32
		{813EDD60-EAED-4EB0-9656-405F1253D93E}.Shipping|Win32.ActiveCfg = BuiltWithUnrealBuildTool|Win32
		{813EDD60-EAED-4EB0-9656-405F1253D93E}.Shipping|Win32.Build.0 = BuiltWithUnrealBuildTool|Win32
		{813EDD60-EAED-4EB0-9656-405F1253D93E}.Shipping|Win64.ActiveCfg = BuiltWithUnrealBuildTool|Win32
		{813EDD60-EAED-4EB0-9656-405F1253D93E}.Shipping|Win64.Build.0 = BuiltWithUnrealBuildTool|Win32
		{325BB540-38F4-49BF-BD27-D1260C185DEA}.DebugGame Editor|HTML5.ActiveCfg = HTML5_DebugGame_Editor|Win32
		{325BB540-38F4-49BF-BD27-D1260C185DEA}.DebugGame Editor|IOS.ActiveCfg = IOS_DebugGame_Editor|Win32
		{325BB540-38F4-49BF-BD27-D1260C185DEA}.DebugGame Editor|Win32.ActiveCfg = DebugGame_Editor|Win32
		{325BB540-38F4-49BF-BD27-D1260C185DEA}.DebugGame Editor|Win64.ActiveCfg = DebugGame_Editor|x64
		{325BB540-38F4-49BF-BD27-D1260C185DEA}.DebugGame Editor|Win64.Build.0 = DebugGame_Editor|x64
		{325BB540-38F4-49BF-BD27-D1260C185DEA}.DebugGame|HTML5.ActiveCfg = HTML5_DebugGame_Game|Win32
		{325BB540-38F4-49BF-BD27-D1260C185DEA}.DebugGame|HTML5.Build.0 = HTML5_DebugGame_Game|Win32
		{325BB540-38F4-49BF-BD27-D1260C185DEA}.DebugGame|IOS.ActiveCfg = IOS_DebugGame_Game|Win32
		{325BB540-38F4-49BF-BD27-D1260C185DEA}.DebugGame|IOS.Build.0 = IOS_DebugGame_Game|Win32
		{325BB540-38F4-49BF-BD27-D1260C185DEA}.DebugGame|Win32.ActiveCfg = DebugGame_Game|Win32
		{325BB540-38F4-49BF-BD27-D1260C185DEA}.DebugGame|Win32.Build.0 = DebugGame_Game|Win32
		{325BB540-38F4-49BF-BD27-D1260C185DEA}.DebugGame|Win64.ActiveCfg = DebugGame_Game|x64
		{325BB540-38F4-49BF-BD27-D1260C185DEA}.DebugGame|Win64.Build.0 = DebugGame_Game|x64
		{325BB540-38F4-49BF-BD27-D1260C185DEA}.Development Editor|HTML5.ActiveCfg = HTML5_Development_Editor|Win32
		{325BB540-38F4-49BF-BD27-D1260C185DEA}.Development Editor|IOS.ActiveCfg = IOS_Development_Editor|Win32
		{325BB540-38F4-49BF-BD27-D1260C185DEA}.Development Editor|Win32.ActiveCfg = Development_Editor|Win32
		{325BB540-38F4-49BF-BD27-D1260C185DEA}.Development Editor|Win64.ActiveCfg = Development_Editor|x64
		{325BB540-38F4-49BF-BD27-D1260C185DEA}.Development Editor|Win64.Build.0 = Development_Editor|x64
		{325BB540-38F4-49BF-BD27-D1260C185DEA}.Development|HTML5.ActiveCfg = HTML5_Development_Game|Win32
		{325BB540-38F4-49BF-BD27-D1260C185DEA}.Development|HTML5.Build.0 = HTML5_Development_Game|Win32
		{325BB540-38F4-49BF-BD27-D1260C185DEA}.Development|IOS.ActiveCfg = IOS_Development_Game|Win32
		{325BB540-38F4-49BF-BD27-D1260C185DEA}.Development|IOS.Build.0 = IOS_Development_Game|Win32
		{325BB540-38F4-49BF-BD27-D1260C185DEA}.Development|Win32.ActiveCfg = Development_Game|Win32
		{325BB540-38F4-49BF-BD27-D1260C185DEA}.Development|Win32.Build.0 = Development_Game|Win32
		{325BB540-38F4-49BF-BD27-D1260C185DEA}.Development|Win64.ActiveCfg = Development_Game|x64
		{325BB540-38F4-49BF-BD27-D1260C185DEA}.Development|Win64.Build.0 = Development_Game|x64
		{325BB540-38F4-49BF-BD27-D1260C185DEA}.Shipping|HTML5.ActiveCfg = HTML5_Shipping_Game|Win32
		{325BB540-38F4-49BF-BD27-D1260C185DEA}.Shipping|HTML5.Build.0 = HTML5_Shipping_Game|Win32
		{325BB540-38F4-49BF-BD27-D1260C185DEA}.Shipping|IOS.ActiveCfg = IOS_Shipping_Game|Win32
		{325BB540-38F4-49BF-BD27-D1260C185DEA}.Shipping|IOS.Build.0 = IOS_Shipping_Game|Win32
		{325BB540-38F4-49BF-BD27-D1260C185DEA}.Shipping|Win32.ActiveCfg = Shipping_Game|Win32
		{325BB540-38F4-49BF-BD27-D1260C185DEA}.Shipping|Win32.Build.0 = Shipping_Game|Win32
		{325BB540-38F4-49BF-BD27-D1260C185DEA}.Shipping|Win64.ActiveCfg = Shipping_Game|x64
		{325BB540-38F4-49BF-BD27-D1260C185DEA}.Shipping|Win64.Build.0 = Shipping_Game|x64
	EndGlobalSection
	GlobalSection(SolutionProperties) = preSolution
		HideSolutionNode = FALSE
	EndGlobalSection
	GlobalSection(NestedProjects) = preSolution
		{813EDD60-EAED-4EB0-9656-405F1253D93E} = {A1708B76-8BAE-427C-BDD5-7C19461DB2E4}
		{325BB540-38F4-49BF-BD27-D1260C185DEA} = {8B38B81B-9C70-4435-A0D9-33CDB5BC8801}
	EndGlobalSection
EndGlobal
