
Microsoft Visual Studio Solution File, Format Version 12.00
# Visual Studio 14
VisualStudioVersion = 14.0.25420.1
MinimumVisualStudioVersion = 10.0.40219.1
Project("{2150E333-8FDC-42A3-9474-1A3956D46DE8}") = "Engine", "Engine", "{77CD63FA-F40E-4071-8E64-95A00621D619}"
EndProject
Project("{2150E333-8FDC-42A3-9474-1A3956D46DE8}") = "Games", "Games", "{9B5D66B7-5264-4BF9-A407-A49E400739C2}"
EndProject
Project("{8BC9CEB8-8B4A-11D0-8D11-00A0C91BC942}") = "UE4", "Intermediate\ProjectFiles\UE4.vcxproj", "{16C902EE-F181-4C80-A956-3093D833AD3F}"
EndProject
Project("{8BC9CEB8-8B4A-11D0-8D11-00A0C91BC942}") = "SubEarth", "Intermediate\ProjectFiles\SubEarth.vcxproj", "{4CAE8E90-67B7-483E-95DB-5BAB1E4275DA}"
EndProject
Global
	GlobalSection(SolutionConfigurationPlatforms) = preSolution
		DebugGame Editor|HTML5 = DebugGame Editor|HTML5
		DebugGame Editor|IOS = DebugGame Editor|IOS
		DebugGame Editor|Win32 = DebugGame Editor|Win32
		DebugGame Editor|Win64 = DebugGame Editor|Win64
		DebugGame|HTML5 = DebugGame|HTML5
		DebugGame|IOS = DebugGame|IOS
		DebugGame|Win32 = DebugGame|Win32
		DebugGame|Win64 = DebugGame|Win64
		Development Editor|HTML5 = Development Editor|HTML5
		Development Editor|IOS = Development Editor|IOS
		Development Editor|Win32 = Development Editor|Win32
		Development Editor|Win64 = Development Editor|Win64
		Development|HTML5 = Development|HTML5
		Development|IOS = Development|IOS
		Development|Win32 = Development|Win32
		Development|Win64 = Development|Win64
		Shipping|HTML5 = Shipping|HTML5
		Shipping|IOS = Shipping|IOS
		Shipping|Win32 = Shipping|Win32
		Shipping|Win64 = Shipping|Win64
	EndGlobalSection
	GlobalSection(ProjectConfigurationPlatforms) = postSolution
		{16C902EE-F181-4C80-A956-3093D833AD3F}.DebugGame Editor|HTML5.ActiveCfg = BuiltWithUnrealBuildTool|Win32
		{16C902EE-F181-4C80-A956-3093D833AD3F}.DebugGame Editor|HTML5.Build.0 = BuiltWithUnrealBuildTool|Win32
		{16C902EE-F181-4C80-A956-3093D833AD3F}.DebugGame Editor|IOS.ActiveCfg = BuiltWithUnrealBuildTool|Win32
		{16C902EE-F181-4C80-A956-3093D833AD3F}.DebugGame Editor|IOS.Build.0 = BuiltWithUnrealBuildTool|Win32
		{16C902EE-F181-4C80-A956-3093D833AD3F}.DebugGame Editor|Win32.ActiveCfg = BuiltWithUnrealBuildTool|Win32
		{16C902EE-F181-4C80-A956-3093D833AD3F}.DebugGame Editor|Win32.Build.0 = BuiltWithUnrealBuildTool|Win32
		{16C902EE-F181-4C80-A956-3093D833AD3F}.DebugGame Editor|Win64.ActiveCfg = BuiltWithUnrealBuildTool|Win32
		{16C902EE-F181-4C80-A956-3093D833AD3F}.DebugGame Editor|Win64.Build.0 = BuiltWithUnrealBuildTool|Win32
		{16C902EE-F181-4C80-A956-3093D833AD3F}.DebugGame|HTML5.ActiveCfg = BuiltWithUnrealBuildTool|Win32
		{16C902EE-F181-4C80-A956-3093D833AD3F}.DebugGame|HTML5.Build.0 = BuiltWithUnrealBuildTool|Win32
		{16C902EE-F181-4C80-A956-3093D833AD3F}.DebugGame|IOS.ActiveCfg = BuiltWithUnrealBuildTool|Win32
		{16C902EE-F181-4C80-A956-3093D833AD3F}.DebugGame|IOS.Build.0 = BuiltWithUnrealBuildTool|Win32
		{16C902EE-F181-4C80-A956-3093D833AD3F}.DebugGame|Win32.ActiveCfg = BuiltWithUnrealBuildTool|Win32
		{16C902EE-F181-4C80-A956-3093D833AD3F}.DebugGame|Win32.Build.0 = BuiltWithUnrealBuildTool|Win32
		{16C902EE-F181-4C80-A956-3093D833AD3F}.DebugGame|Win64.ActiveCfg = BuiltWithUnrealBuildTool|Win32
		{16C902EE-F181-4C80-A956-3093D833AD3F}.DebugGame|Win64.Build.0 = BuiltWithUnrealBuildTool|Win32
		{16C902EE-F181-4C80-A956-3093D833AD3F}.Development Editor|HTML5.ActiveCfg = BuiltWithUnrealBuildTool|Win32
		{16C902EE-F181-4C80-A956-3093D833AD3F}.Development Editor|HTML5.Build.0 = BuiltWithUnrealBuildTool|Win32
		{16C902EE-F181-4C80-A956-3093D833AD3F}.Development Editor|IOS.ActiveCfg = BuiltWithUnrealBuildTool|Win32
		{16C902EE-F181-4C80-A956-3093D833AD3F}.Development Editor|IOS.Build.0 = BuiltWithUnrealBuildTool|Win32
		{16C902EE-F181-4C80-A956-3093D833AD3F}.Development Editor|Win32.ActiveCfg = BuiltWithUnrealBuildTool|Win32
		{16C902EE-F181-4C80-A956-3093D833AD3F}.Development Editor|Win32.Build.0 = BuiltWithUnrealBuildTool|Win32
		{16C902EE-F181-4C80-A956-3093D833AD3F}.Development Editor|Win64.ActiveCfg = BuiltWithUnrealBuildTool|Win32
		{16C902EE-F181-4C80-A956-3093D833AD3F}.Development Editor|Win64.Build.0 = BuiltWithUnrealBuildTool|Win32
		{16C902EE-F181-4C80-A956-3093D833AD3F}.Development|HTML5.ActiveCfg = BuiltWithUnrealBuildTool|Win32
		{16C902EE-F181-4C80-A956-3093D833AD3F}.Development|HTML5.Build.0 = BuiltWithUnrealBuildTool|Win32
		{16C902EE-F181-4C80-A956-3093D833AD3F}.Development|IOS.ActiveCfg = BuiltWithUnrealBuildTool|Win32
		{16C902EE-F181-4C80-A956-3093D833AD3F}.Development|IOS.Build.0 = BuiltWithUnrealBuildTool|Win32
		{16C902EE-F181-4C80-A956-3093D833AD3F}.Development|Win32.ActiveCfg = BuiltWithUnrealBuildTool|Win32
		{16C902EE-F181-4C80-A956-3093D833AD3F}.Development|Win32.Build.0 = BuiltWithUnrealBuildTool|Win32
		{16C902EE-F181-4C80-A956-3093D833AD3F}.Development|Win64.ActiveCfg = BuiltWithUnrealBuildTool|Win32
		{16C902EE-F181-4C80-A956-3093D833AD3F}.Development|Win64.Build.0 = BuiltWithUnrealBuildTool|Win32
		{16C902EE-F181-4C80-A956-3093D833AD3F}.Shipping|HTML5.ActiveCfg = BuiltWithUnrealBuildTool|Win32
		{16C902EE-F181-4C80-A956-3093D833AD3F}.Shipping|HTML5.Build.0 = BuiltWithUnrealBuildTool|Win32
		{16C902EE-F181-4C80-A956-3093D833AD3F}.Shipping|IOS.ActiveCfg = BuiltWithUnrealBuildTool|Win32
		{16C902EE-F181-4C80-A956-3093D833AD3F}.Shipping|IOS.Build.0 = BuiltWithUnrealBuildTool|Win32
		{16C902EE-F181-4C80-A956-3093D833AD3F}.Shipping|Win32.ActiveCfg = BuiltWithUnrealBuildTool|Win32
		{16C902EE-F181-4C80-A956-3093D833AD3F}.Shipping|Win32.Build.0 = BuiltWithUnrealBuildTool|Win32
		{16C902EE-F181-4C80-A956-3093D833AD3F}.Shipping|Win64.ActiveCfg = BuiltWithUnrealBuildTool|Win32
		{16C902EE-F181-4C80-A956-3093D833AD3F}.Shipping|Win64.Build.0 = BuiltWithUnrealBuildTool|Win32
		{4CAE8E90-67B7-483E-95DB-5BAB1E4275DA}.DebugGame Editor|HTML5.ActiveCfg = HTML5_DebugGame_Editor|Win32
		{4CAE8E90-67B7-483E-95DB-5BAB1E4275DA}.DebugGame Editor|IOS.ActiveCfg = IOS_DebugGame_Editor|Win32
		{4CAE8E90-67B7-483E-95DB-5BAB1E4275DA}.DebugGame Editor|Win32.ActiveCfg = DebugGame_Editor|Win32
		{4CAE8E90-67B7-483E-95DB-5BAB1E4275DA}.DebugGame Editor|Win64.ActiveCfg = DebugGame_Editor|x64
		{4CAE8E90-67B7-483E-95DB-5BAB1E4275DA}.DebugGame Editor|Win64.Build.0 = DebugGame_Editor|x64
		{4CAE8E90-67B7-483E-95DB-5BAB1E4275DA}.DebugGame|HTML5.ActiveCfg = HTML5_DebugGame_Game|Win32
		{4CAE8E90-67B7-483E-95DB-5BAB1E4275DA}.DebugGame|HTML5.Build.0 = HTML5_DebugGame_Game|Win32
		{4CAE8E90-67B7-483E-95DB-5BAB1E4275DA}.DebugGame|IOS.ActiveCfg = IOS_DebugGame_Game|Win32
		{4CAE8E90-67B7-483E-95DB-5BAB1E4275DA}.DebugGame|IOS.Build.0 = IOS_DebugGame_Game|Win32
		{4CAE8E90-67B7-483E-95DB-5BAB1E4275DA}.DebugGame|Win32.ActiveCfg = DebugGame_Game|Win32
		{4CAE8E90-67B7-483E-95DB-5BAB1E4275DA}.DebugGame|Win32.Build.0 = DebugGame_Game|Win32
		{4CAE8E90-67B7-483E-95DB-5BAB1E4275DA}.DebugGame|Win64.ActiveCfg = DebugGame_Game|x64
		{4CAE8E90-67B7-483E-95DB-5BAB1E4275DA}.DebugGame|Win64.Build.0 = DebugGame_Game|x64
		{4CAE8E90-67B7-483E-95DB-5BAB1E4275DA}.Development Editor|HTML5.ActiveCfg = HTML5_Development_Editor|Win32
		{4CAE8E90-67B7-483E-95DB-5BAB1E4275DA}.Development Editor|IOS.ActiveCfg = IOS_Development_Editor|Win32
		{4CAE8E90-67B7-483E-95DB-5BAB1E4275DA}.Development Editor|Win32.ActiveCfg = Development_Editor|Win32
		{4CAE8E90-67B7-483E-95DB-5BAB1E4275DA}.Development Editor|Win64.ActiveCfg = Development_Editor|x64
		{4CAE8E90-67B7-483E-95DB-5BAB1E4275DA}.Development Editor|Win64.Build.0 = Development_Editor|x64
		{4CAE8E90-67B7-483E-95DB-5BAB1E4275DA}.Development|HTML5.ActiveCfg = HTML5_Development_Game|Win32
		{4CAE8E90-67B7-483E-95DB-5BAB1E4275DA}.Development|HTML5.Build.0 = HTML5_Development_Game|Win32
		{4CAE8E90-67B7-483E-95DB-5BAB1E4275DA}.Development|IOS.ActiveCfg = IOS_Development_Game|Win32
		{4CAE8E90-67B7-483E-95DB-5BAB1E4275DA}.Development|IOS.Build.0 = IOS_Development_Game|Win32
		{4CAE8E90-67B7-483E-95DB-5BAB1E4275DA}.Development|Win32.ActiveCfg = Development_Game|Win32
		{4CAE8E90-67B7-483E-95DB-5BAB1E4275DA}.Development|Win32.Build.0 = Development_Game|Win32
		{4CAE8E90-67B7-483E-95DB-5BAB1E4275DA}.Development|Win64.ActiveCfg = Development_Game|x64
		{4CAE8E90-67B7-483E-95DB-5BAB1E4275DA}.Development|Win64.Build.0 = Development_Game|x64
		{4CAE8E90-67B7-483E-95DB-5BAB1E4275DA}.Shipping|HTML5.ActiveCfg = HTML5_Shipping_Game|Win32
		{4CAE8E90-67B7-483E-95DB-5BAB1E4275DA}.Shipping|HTML5.Build.0 = HTML5_Shipping_Game|Win32
		{4CAE8E90-67B7-483E-95DB-5BAB1E4275DA}.Shipping|IOS.ActiveCfg = IOS_Shipping_Game|Win32
		{4CAE8E90-67B7-483E-95DB-5BAB1E4275DA}.Shipping|IOS.Build.0 = IOS_Shipping_Game|Win32
		{4CAE8E90-67B7-483E-95DB-5BAB1E4275DA}.Shipping|Win32.ActiveCfg = Shipping_Game|Win32
		{4CAE8E90-67B7-483E-95DB-5BAB1E4275DA}.Shipping|Win32.Build.0 = Shipping_Game|Win32
		{4CAE8E90-67B7-483E-95DB-5BAB1E4275DA}.Shipping|Win64.ActiveCfg = Shipping_Game|x64
		{4CAE8E90-67B7-483E-95DB-5BAB1E4275DA}.Shipping|Win64.Build.0 = Shipping_Game|x64
	EndGlobalSection
	GlobalSection(SolutionProperties) = preSolution
		HideSolutionNode = FALSE
	EndGlobalSection
	GlobalSection(NestedProjects) = preSolution
		{16C902EE-F181-4C80-A956-3093D833AD3F} = {77CD63FA-F40E-4071-8E64-95A00621D619}
		{4CAE8E90-67B7-483E-95DB-5BAB1E4275DA} = {9B5D66B7-5264-4BF9-A407-A49E400739C2}
	EndGlobalSection
EndGlobal
