
Microsoft Visual Studio Solution File, Format Version 12.00
# Visual Studio 14
VisualStudioVersion = 14.0.25420.1
MinimumVisualStudioVersion = 10.0.40219.1
Project("{2150E333-8FDC-42A3-9474-1A3956D46DE8}") = "Engine", "Engine", "{25FEF2DC-D018-43F9-8221-86A0D89775BB}"
EndProject
Project("{2150E333-8FDC-42A3-9474-1A3956D46DE8}") = "Games", "Games", "{A6B578E8-3283-404C-8F63-EEB76F713647}"
EndProject
Project("{8BC9CEB8-8B4A-11D0-8D11-00A0C91BC942}") = "UE4", "Intermediate\ProjectFiles\UE4.vcxproj", "{8BD3E867-6148-4860-934E-29C3E36680BD}"
EndProject
Project("{8BC9CEB8-8B4A-11D0-8D11-00A0C91BC942}") = "SubEarth", "Intermediate\ProjectFiles\SubEarth.vcxproj", "{136B375B-7979-4CA5-8B7A-141AEEC9365F}"
EndProject
Global
	GlobalSection(SolutionConfigurationPlatforms) = preSolution
		DebugGame Editor|HTML5 = DebugGame Editor|HTML5
		DebugGame Editor|IOS = DebugGame Editor|IOS
		DebugGame Editor|Win32 = DebugGame Editor|Win32
		DebugGame Editor|Win64 = DebugGame Editor|Win64
		DebugGame|HTML5 = DebugGame|HTML5
		DebugGame|IOS = DebugGame|IOS
		DebugGame|Win32 = DebugGame|Win32
		DebugGame|Win64 = DebugGame|Win64
		Development Editor|HTML5 = Development Editor|HTML5
		Development Editor|IOS = Development Editor|IOS
		Development Editor|Win32 = Development Editor|Win32
		Development Editor|Win64 = Development Editor|Win64
		Development|HTML5 = Development|HTML5
		Development|IOS = Development|IOS
		Development|Win32 = Development|Win32
		Development|Win64 = Development|Win64
		Shipping|HTML5 = Shipping|HTML5
		Shipping|IOS = Shipping|IOS
		Shipping|Win32 = Shipping|Win32
		Shipping|Win64 = Shipping|Win64
	EndGlobalSection
	GlobalSection(ProjectConfigurationPlatforms) = postSolution
		{8BD3E867-6148-4860-934E-29C3E36680BD}.DebugGame Editor|HTML5.ActiveCfg = BuiltWithUnrealBuildTool|Win32
		{8BD3E867-6148-4860-934E-29C3E36680BD}.DebugGame Editor|HTML5.Build.0 = BuiltWithUnrealBuildTool|Win32
		{8BD3E867-6148-4860-934E-29C3E36680BD}.DebugGame Editor|IOS.ActiveCfg = BuiltWithUnrealBuildTool|Win32
		{8BD3E867-6148-4860-934E-29C3E36680BD}.DebugGame Editor|IOS.Build.0 = BuiltWithUnrealBuildTool|Win32
		{8BD3E867-6148-4860-934E-29C3E36680BD}.DebugGame Editor|Win32.ActiveCfg = BuiltWithUnrealBuildTool|Win32
		{8BD3E867-6148-4860-934E-29C3E36680BD}.DebugGame Editor|Win32.Build.0 = BuiltWithUnrealBuildTool|Win32
		{8BD3E867-6148-4860-934E-29C3E36680BD}.DebugGame Editor|Win64.ActiveCfg = BuiltWithUnrealBuildTool|Win32
		{8BD3E867-6148-4860-934E-29C3E36680BD}.DebugGame Editor|Win64.Build.0 = BuiltWithUnrealBuildTool|Win32
		{8BD3E867-6148-4860-934E-29C3E36680BD}.DebugGame|HTML5.ActiveCfg = BuiltWithUnrealBuildTool|Win32
		{8BD3E867-6148-4860-934E-29C3E36680BD}.DebugGame|HTML5.Build.0 = BuiltWithUnrealBuildTool|Win32
		{8BD3E867-6148-4860-934E-29C3E36680BD}.DebugGame|IOS.ActiveCfg = BuiltWithUnrealBuildTool|Win32
		{8BD3E867-6148-4860-934E-29C3E36680BD}.DebugGame|IOS.Build.0 = BuiltWithUnrealBuildTool|Win32
		{8BD3E867-6148-4860-934E-29C3E36680BD}.DebugGame|Win32.ActiveCfg = BuiltWithUnrealBuildTool|Win32
		{8BD3E867-6148-4860-934E-29C3E36680BD}.DebugGame|Win32.Build.0 = BuiltWithUnrealBuildTool|Win32
		{8BD3E867-6148-4860-934E-29C3E36680BD}.DebugGame|Win64.ActiveCfg = BuiltWithUnrealBuildTool|Win32
		{8BD3E867-6148-4860-934E-29C3E36680BD}.DebugGame|Win64.Build.0 = BuiltWithUnrealBuildTool|Win32
		{8BD3E867-6148-4860-934E-29C3E36680BD}.Development Editor|HTML5.ActiveCfg = BuiltWithUnrealBuildTool|Win32
		{8BD3E867-6148-4860-934E-29C3E36680BD}.Development Editor|HTML5.Build.0 = BuiltWithUnrealBuildTool|Win32
		{8BD3E867-6148-4860-934E-29C3E36680BD}.Development Editor|IOS.ActiveCfg = BuiltWithUnrealBuildTool|Win32
		{8BD3E867-6148-4860-934E-29C3E36680BD}.Development Editor|IOS.Build.0 = BuiltWithUnrealBuildTool|Win32
		{8BD3E867-6148-4860-934E-29C3E36680BD}.Development Editor|Win32.ActiveCfg = BuiltWithUnrealBuildTool|Win32
		{8BD3E867-6148-4860-934E-29C3E36680BD}.Development Editor|Win32.Build.0 = BuiltWithUnrealBuildTool|Win32
		{8BD3E867-6148-4860-934E-29C3E36680BD}.Development Editor|Win64.ActiveCfg = BuiltWithUnrealBuildTool|Win32
		{8BD3E867-6148-4860-934E-29C3E36680BD}.Development Editor|Win64.Build.0 = BuiltWithUnrealBuildTool|Win32
		{8BD3E867-6148-4860-934E-29C3E36680BD}.Development|HTML5.ActiveCfg = BuiltWithUnrealBuildTool|Win32
		{8BD3E867-6148-4860-934E-29C3E36680BD}.Development|HTML5.Build.0 = BuiltWithUnrealBuildTool|Win32
		{8BD3E867-6148-4860-934E-29C3E36680BD}.Development|IOS.ActiveCfg = BuiltWithUnrealBuildTool|Win32
		{8BD3E867-6148-4860-934E-29C3E36680BD}.Development|IOS.Build.0 = BuiltWithUnrealBuildTool|Win32
		{8BD3E867-6148-4860-934E-29C3E36680BD}.Development|Win32.ActiveCfg = BuiltWithUnrealBuildTool|Win32
		{8BD3E867-6148-4860-934E-29C3E36680BD}.Development|Win32.Build.0 = BuiltWithUnrealBuildTool|Win32
		{8BD3E867-6148-4860-934E-29C3E36680BD}.Development|Win64.ActiveCfg = BuiltWithUnrealBuildTool|Win32
		{8BD3E867-6148-4860-934E-29C3E36680BD}.Development|Win64.Build.0 = BuiltWithUnrealBuildTool|Win32
		{8BD3E867-6148-4860-934E-29C3E36680BD}.Shipping|HTML5.ActiveCfg = BuiltWithUnrealBuildTool|Win32
		{8BD3E867-6148-4860-934E-29C3E36680BD}.Shipping|HTML5.Build.0 = BuiltWithUnrealBuildTool|Win32
		{8BD3E867-6148-4860-934E-29C3E36680BD}.Shipping|IOS.ActiveCfg = BuiltWithUnrealBuildTool|Win32
		{8BD3E867-6148-4860-934E-29C3E36680BD}.Shipping|IOS.Build.0 = BuiltWithUnrealBuildTool|Win32
		{8BD3E867-6148-4860-934E-29C3E36680BD}.Shipping|Win32.ActiveCfg = BuiltWithUnrealBuildTool|Win32
		{8BD3E867-6148-4860-934E-29C3E36680BD}.Shipping|Win32.Build.0 = BuiltWithUnrealBuildTool|Win32
		{8BD3E867-6148-4860-934E-29C3E36680BD}.Shipping|Win64.ActiveCfg = BuiltWithUnrealBuildTool|Win32
		{8BD3E867-6148-4860-934E-29C3E36680BD}.Shipping|Win64.Build.0 = BuiltWithUnrealBuildTool|Win32
		{136B375B-7979-4CA5-8B7A-141AEEC9365F}.DebugGame Editor|HTML5.ActiveCfg = HTML5_DebugGame_Editor|Win32
		{136B375B-7979-4CA5-8B7A-141AEEC9365F}.DebugGame Editor|IOS.ActiveCfg = IOS_DebugGame_Editor|Win32
		{136B375B-7979-4CA5-8B7A-141AEEC9365F}.DebugGame Editor|Win32.ActiveCfg = DebugGame_Editor|Win32
		{136B375B-7979-4CA5-8B7A-141AEEC9365F}.DebugGame Editor|Win64.ActiveCfg = DebugGame_Editor|x64
		{136B375B-7979-4CA5-8B7A-141AEEC9365F}.DebugGame Editor|Win64.Build.0 = DebugGame_Editor|x64
		{136B375B-7979-4CA5-8B7A-141AEEC9365F}.DebugGame|HTML5.ActiveCfg = HTML5_DebugGame_Game|Win32
		{136B375B-7979-4CA5-8B7A-141AEEC9365F}.DebugGame|HTML5.Build.0 = HTML5_DebugGame_Game|Win32
		{136B375B-7979-4CA5-8B7A-141AEEC9365F}.DebugGame|IOS.ActiveCfg = IOS_DebugGame_Game|Win32
		{136B375B-7979-4CA5-8B7A-141AEEC9365F}.DebugGame|IOS.Build.0 = IOS_DebugGame_Game|Win32
		{136B375B-7979-4CA5-8B7A-141AEEC9365F}.DebugGame|Win32.ActiveCfg = DebugGame_Game|Win32
		{136B375B-7979-4CA5-8B7A-141AEEC9365F}.DebugGame|Win32.Build.0 = DebugGame_Game|Win32
		{136B375B-7979-4CA5-8B7A-141AEEC9365F}.DebugGame|Win64.ActiveCfg = DebugGame_Game|x64
		{136B375B-7979-4CA5-8B7A-141AEEC9365F}.DebugGame|Win64.Build.0 = DebugGame_Game|x64
		{136B375B-7979-4CA5-8B7A-141AEEC9365F}.Development Editor|HTML5.ActiveCfg = HTML5_Development_Editor|Win32
		{136B375B-7979-4CA5-8B7A-141AEEC9365F}.Development Editor|IOS.ActiveCfg = IOS_Development_Editor|Win32
		{136B375B-7979-4CA5-8B7A-141AEEC9365F}.Development Editor|Win32.ActiveCfg = Development_Editor|Win32
		{136B375B-7979-4CA5-8B7A-141AEEC9365F}.Development Editor|Win64.ActiveCfg = Development_Editor|x64
		{136B375B-7979-4CA5-8B7A-141AEEC9365F}.Development Editor|Win64.Build.0 = Development_Editor|x64
		{136B375B-7979-4CA5-8B7A-141AEEC9365F}.Development|HTML5.ActiveCfg = HTML5_Development_Game|Win32
		{136B375B-7979-4CA5-8B7A-141AEEC9365F}.Development|HTML5.Build.0 = HTML5_Development_Game|Win32
		{136B375B-7979-4CA5-8B7A-141AEEC9365F}.Development|IOS.ActiveCfg = IOS_Development_Game|Win32
		{136B375B-7979-4CA5-8B7A-141AEEC9365F}.Development|IOS.Build.0 = IOS_Development_Game|Win32
		{136B375B-7979-4CA5-8B7A-141AEEC9365F}.Development|Win32.ActiveCfg = Development_Game|Win32
		{136B375B-7979-4CA5-8B7A-141AEEC9365F}.Development|Win32.Build.0 = Development_Game|Win32
		{136B375B-7979-4CA5-8B7A-141AEEC9365F}.Development|Win64.ActiveCfg = Development_Game|x64
		{136B375B-7979-4CA5-8B7A-141AEEC9365F}.Development|Win64.Build.0 = Development_Game|x64
		{136B375B-7979-4CA5-8B7A-141AEEC9365F}.Shipping|HTML5.ActiveCfg = HTML5_Shipping_Game|Win32
		{136B375B-7979-4CA5-8B7A-141AEEC9365F}.Shipping|HTML5.Build.0 = HTML5_Shipping_Game|Win32
		{136B375B-7979-4CA5-8B7A-141AEEC9365F}.Shipping|IOS.ActiveCfg = IOS_Shipping_Game|Win32
		{136B375B-7979-4CA5-8B7A-141AEEC9365F}.Shipping|IOS.Build.0 = IOS_Shipping_Game|Win32
		{136B375B-7979-4CA5-8B7A-141AEEC9365F}.Shipping|Win32.ActiveCfg = Shipping_Game|Win32
		{136B375B-7979-4CA5-8B7A-141AEEC9365F}.Shipping|Win32.Build.0 = Shipping_Game|Win32
		{136B375B-7979-4CA5-8B7A-141AEEC9365F}.Shipping|Win64.ActiveCfg = Shipping_Game|x64
		{136B375B-7979-4CA5-8B7A-141AEEC9365F}.Shipping|Win64.Build.0 = Shipping_Game|x64
	EndGlobalSection
	GlobalSection(SolutionProperties) = preSolution
		HideSolutionNode = FALSE
	EndGlobalSection
	GlobalSection(NestedProjects) = preSolution
		{8BD3E867-6148-4860-934E-29C3E36680BD} = {25FEF2DC-D018-43F9-8221-86A0D89775BB}
		{136B375B-7979-4CA5-8B7A-141AEEC9365F} = {A6B578E8-3283-404C-8F63-EEB76F713647}
	EndGlobalSection
EndGlobal
